
Microsoft Visual Studio Solution File, Format Version 12.00
# Visual Studio Version 17
VisualStudioVersion = 17.2.32505.173
MinimumVisualStudioVersion = 10.0.40219.1
Project("{FAE04EC0-301F-11D3-BF4B-00C04F79EFBC}") = "Test_Selenium_POM", "Test_Selenium_POM\Test_Selenium_POM.csproj", "{67E04F20-B3E5-4783-814F-6137860C5E96}"
EndProject
Global
	GlobalSection(SolutionConfigurationPlatforms) = preSolution
		Debug|Any CPU = Debug|Any CPU
		Release|Any CPU = Release|Any CPU
	EndGlobalSection
	GlobalSection(ProjectConfigurationPlatforms) = postSolution
		{67E04F20-B3E5-4783-814F-6137860C5E96}.Debug|Any CPU.ActiveCfg = Debug|Any CPU
		{67E04F20-B3E5-4783-814F-6137860C5E96}.Debug|Any CPU.Build.0 = Debug|Any CPU
		{67E04F20-B3E5-4783-814F-6137860C5E96}.Release|Any CPU.ActiveCfg = Release|Any CPU
		{67E04F20-B3E5-4783-814F-6137860C5E96}.Release|Any CPU.Build.0 = Release|Any CPU
	EndGlobalSection
	GlobalSection(SolutionProperties) = preSolution
		HideSolutionNode = FALSE
	EndGlobalSection
	GlobalSection(ExtensibilityGlobals) = postSolution
		SolutionGuid = {9A1FFD53-41A3-49F0-8F6E-64C368AE1D67}
	EndGlobalSection
EndGlobal
